{
  "name": "forge-starter",
  "version": "1.0.0",
  "lockfileVersion": 2,
  "requires": true,
  "packages": {
    "": {
      "name": "forge-starter",
      "version": "1.0.0",
      "license": "MIT",
      "dependencies": {
        "@thirdweb-dev/contracts": "^3"
      }
    },
    "node_modules/@thirdweb-dev/contracts": {
      "version": "3.7.0",
      "resolved": "https://registry.npmjs.org/@thirdweb-dev/contracts/-/contracts-3.7.0.tgz",
      "integrity": "sha512-yCBzsw4uQk/5aE6FLkpIJid9I+ng2KyDkjIoseiJaQc1xND9ujvWqDMsfnyGez29B7/JcsCW9Vbn2coRQHhNxw=="
    }
  },
  "dependencies": {
    "@thirdweb-dev/contracts": {
      "version": "3.7.0",
      "resolved": "https://registry.npmjs.org/@thirdweb-dev/contracts/-/contracts-3.7.0.tgz",
      "integrity": "sha512-yCBzsw4uQk/5aE6FLkpIJid9I+ng2KyDkjIoseiJaQc1xND9ujvWqDMsfnyGez29B7/JcsCW9Vbn2coRQHhNxw=="
    }
  }
}
